
Microsoft Visual Studio Solution File, Format Version 12.00
# Visual Studio 15
VisualStudioVersion = 15.0.26403.3
MinimumVisualStudioVersion = 10.0.40219.1
Project("{FAE04EC0-301F-11D3-BF4B-00C04F79EFBC}") = "SE Scripts", "SE Scripts\SE Scripts.csproj", "{870BDB82-C492-4D95-9F9B-3C9B47EB850A}"
EndProject
Project("{FAE04EC0-301F-11D3-BF4B-00C04F79EFBC}") = "DataTransmission", "DataTransmission\DataTransmission.csproj", "{2B1C58FC-D03E-403F-956A-056D7982406E}"
EndProject
Project("{FAE04EC0-301F-11D3-BF4B-00C04F79EFBC}") = "PowerDisplayUtility", "PowerDisplayUtility\PowerDisplayUtility.csproj", "{5631C5E8-2C14-4CFE-B592-6D9B93AD02D0}"
EndProject
Project("{FAE04EC0-301F-11D3-BF4B-00C04F79EFBC}") = "DockStatusScript", "DockStatusScript\DockStatusScript.csproj", "{A6E1A989-5099-4390-9317-C630004F89FD}"
EndProject
Project("{FAE04EC0-301F-11D3-BF4B-00C04F79EFBC}") = "InteriorLightOffsetScript", "InteriorLightOffsetScript\InteriorLightOffsetScript.csproj", "{913AAE4F-B337-496F-A817-B6C308B8DE5C}"
EndProject
Project("{FAE04EC0-301F-11D3-BF4B-00C04F79EFBC}") = "TruckComputer", "TruckComputer\TruckComputer.csproj", "{B08AF891-8FAE-4F65-864D-DA768A0FB9F1}"
EndProject
Global
	GlobalSection(SolutionConfigurationPlatforms) = preSolution
		Debug|x64 = Debug|x64
	EndGlobalSection
	GlobalSection(ProjectConfigurationPlatforms) = postSolution
		{870BDB82-C492-4D95-9F9B-3C9B47EB850A}.Debug|x64.ActiveCfg = Debug|x64
		{870BDB82-C492-4D95-9F9B-3C9B47EB850A}.Debug|x64.Build.0 = Debug|x64
		{2B1C58FC-D03E-403F-956A-056D7982406E}.Debug|x64.ActiveCfg = Debug|x64
		{2B1C58FC-D03E-403F-956A-056D7982406E}.Debug|x64.Build.0 = Debug|x64
		{5631C5E8-2C14-4CFE-B592-6D9B93AD02D0}.Debug|x64.ActiveCfg = Debug|x64
		{5631C5E8-2C14-4CFE-B592-6D9B93AD02D0}.Debug|x64.Build.0 = Debug|x64
		{A6E1A989-5099-4390-9317-C630004F89FD}.Debug|x64.ActiveCfg = Debug|x64
		{A6E1A989-5099-4390-9317-C630004F89FD}.Debug|x64.Build.0 = Debug|x64
		{913AAE4F-B337-496F-A817-B6C308B8DE5C}.Debug|x64.ActiveCfg = Debug|x64
		{913AAE4F-B337-496F-A817-B6C308B8DE5C}.Debug|x64.Build.0 = Debug|x64
		{B08AF891-8FAE-4F65-864D-DA768A0FB9F1}.Debug|x64.ActiveCfg = Debug|x64
		{B08AF891-8FAE-4F65-864D-DA768A0FB9F1}.Debug|x64.Build.0 = Debug|x64
	EndGlobalSection
	GlobalSection(SolutionProperties) = preSolution
		HideSolutionNode = FALSE
	EndGlobalSection
EndGlobal
